# THIS IS AN AUTOGENERATED FILE. DO NOT EDIT THIS FILE DIRECTLY.
# yarn lockfile v1


"@types/validator@^13.7.10":
  version "13.7.17"
  resolved "https://registry.yarnpkg.com/@types/validator/-/validator-13.7.17.tgz#0a6d1510395065171e3378a4afc587a3aefa7cc1"
  integrity sha512-aqayTNmeWrZcvnG2MG9eGYI6b7S5fl+yKgPs6bAjOTwPS316R5SxBGKvtSExfyoJU7pIeHJfsHI0Ji41RVMkvQ==

class-validator@^0.14.0:
  version "0.14.0"
  resolved "https://registry.yarnpkg.com/class-validator/-/class-validator-0.14.0.tgz#40ed0ecf3c83b2a8a6a320f4edb607be0f0df159"
  integrity sha512-ct3ltplN8I9fOwUd8GrP8UQixwff129BkEtuWDKL5W45cQuLd19xqmTLu5ge78YDm/fdje6FMt0hGOhl0lii3A==
  dependencies:
    "@types/validator" "^13.7.10"
    libphonenumber-js "^1.10.14"
    validator "^13.7.0"

libphonenumber-js@^1.10.14:
  version "1.10.36"
  resolved "https://registry.yarnpkg.com/libphonenumber-js/-/libphonenumber-js-1.10.36.tgz#ec74008ffbc488d7ad9ebd722b2773292d568033"
  integrity sha512-NCPWES1poiS4NSzIS49mxHM5hCkSWov8wFICRKfL9narzimqAXlnAgNloHCt0BukZHbWt8TIStCdzLy7LXBYpQ==

validator@^13.7.0:
  version "13.9.0"
  resolved "https://registry.yarnpkg.com/validator/-/validator-13.9.0.tgz#33e7b85b604f3bbce9bb1a05d5c3e22e1c2ff855"
  integrity sha512-B+dGG8U3fdtM0/aNK4/X8CXq/EcxU2WPrPEkJGslb47qyHsxmbggTWK0yEA4qnYVNF+nxNlN88o14hIcPmSIEA==
